
Microsoft Visual Studio Solution File, Format Version 12.00
# Visual Studio Version 17
VisualStudioVersion = 17.4.33403.182
MinimumVisualStudioVersion = 10.0.40219.1
Project("{FAE04EC0-301F-11D3-BF4B-00C04F79EFBC}") = "TKD.Task.4", "TKD.Task.4\TKD.Task.4.csproj", "{60E1AFC7-FE12-4955-B9A1-4BF327FAFF5D}"
EndProject
Global
	GlobalSection(SolutionConfigurationPlatforms) = preSolution
		Debug|Any CPU = Debug|Any CPU
		Release|Any CPU = Release|Any CPU
	EndGlobalSection
	GlobalSection(ProjectConfigurationPlatforms) = postSolution
		{60E1AFC7-FE12-4955-B9A1-4BF327FAFF5D}.Debug|Any CPU.ActiveCfg = Debug|Any CPU
		{60E1AFC7-FE12-4955-B9A1-4BF327FAFF5D}.Debug|Any CPU.Build.0 = Debug|Any CPU
		{60E1AFC7-FE12-4955-B9A1-4BF327FAFF5D}.Release|Any CPU.ActiveCfg = Release|Any CPU
		{60E1AFC7-FE12-4955-B9A1-4BF327FAFF5D}.Release|Any CPU.Build.0 = Release|Any CPU
	EndGlobalSection
	GlobalSection(SolutionProperties) = preSolution
		HideSolutionNode = FALSE
	EndGlobalSection
	GlobalSection(ExtensibilityGlobals) = postSolution
		SolutionGuid = {D10C6ABF-88C0-47E2-A193-F06528C344EB}
	EndGlobalSection
EndGlobal
